
Microsoft Visual Studio Solution File, Format Version 12.00
# Visual Studio Version 16
VisualStudioVersion = 16.0.30114.105
MinimumVisualStudioVersion = 10.0.40219.1
Project("{FAE04EC0-301F-11D3-BF4B-00C04F79EFBC}") = "DentalApps.API", "DentalApps.API\DentalApps.API.csproj", "{7B3AE95B-661E-4725-9723-4FAB7DA1B24A}"
EndProject
Project("{FAE04EC0-301F-11D3-BF4B-00C04F79EFBC}") = "DentalApps.Models", "DentalApps.Models\DentalApps.Models.csproj", "{D03A40B1-FC35-4EF1-8D49-53F48C5F9FD3}"
EndProject
Global
	GlobalSection(SolutionConfigurationPlatforms) = preSolution
		Debug|Any CPU = Debug|Any CPU
		Release|Any CPU = Release|Any CPU
	EndGlobalSection
	GlobalSection(SolutionProperties) = preSolution
		HideSolutionNode = FALSE
	EndGlobalSection
	GlobalSection(ProjectConfigurationPlatforms) = postSolution
		{7B3AE95B-661E-4725-9723-4FAB7DA1B24A}.Debug|Any CPU.ActiveCfg = Debug|Any CPU
		{7B3AE95B-661E-4725-9723-4FAB7DA1B24A}.Debug|Any CPU.Build.0 = Debug|Any CPU
		{7B3AE95B-661E-4725-9723-4FAB7DA1B24A}.Release|Any CPU.ActiveCfg = Release|Any CPU
		{7B3AE95B-661E-4725-9723-4FAB7DA1B24A}.Release|Any CPU.Build.0 = Release|Any CPU
		{D03A40B1-FC35-4EF1-8D49-53F48C5F9FD3}.Debug|Any CPU.ActiveCfg = Debug|Any CPU
		{D03A40B1-FC35-4EF1-8D49-53F48C5F9FD3}.Debug|Any CPU.Build.0 = Debug|Any CPU
		{D03A40B1-FC35-4EF1-8D49-53F48C5F9FD3}.Release|Any CPU.ActiveCfg = Release|Any CPU
		{D03A40B1-FC35-4EF1-8D49-53F48C5F9FD3}.Release|Any CPU.Build.0 = Release|Any CPU
	EndGlobalSection
EndGlobal
